
Microsoft Visual Studio Solution File, Format Version 12.00
# Visual Studio 15
VisualStudioVersion = 15.0.27130.2024
MinimumVisualStudioVersion = 10.0.40219.1
Project("{FAE04EC0-301F-11D3-BF4B-00C04F79EFBC}") = "UnitTestProject1", "UnitTestProject1\UnitTestProject1.csproj", "{0CF74FF5-CA0C-4A6F-A806-8AC585BF1CE0}"
EndProject
Project("{FAE04EC0-301F-11D3-BF4B-00C04F79EFBC}") = "PizzaHut", "PizzaHut\PizzaHut.csproj", "{01626B9F-2A03-4246-8CCE-57A39A31B83E}"
EndProject
Project("{FAE04EC0-301F-11D3-BF4B-00C04F79EFBC}") = "PizzaHut.UI", "PizzaHut.UI\PizzaHut.UI.csproj", "{BFCF32EA-84C5-4E9C-A09D-C486A5EFF576}"
EndProject
Global
	GlobalSection(SolutionConfigurationPlatforms) = preSolution
		Debug|Any CPU = Debug|Any CPU
		Release|Any CPU = Release|Any CPU
	EndGlobalSection
	GlobalSection(ProjectConfigurationPlatforms) = postSolution
		{0CF74FF5-CA0C-4A6F-A806-8AC585BF1CE0}.Debug|Any CPU.ActiveCfg = Debug|Any CPU
		{0CF74FF5-CA0C-4A6F-A806-8AC585BF1CE0}.Debug|Any CPU.Build.0 = Debug|Any CPU
		{0CF74FF5-CA0C-4A6F-A806-8AC585BF1CE0}.Release|Any CPU.ActiveCfg = Release|Any CPU
		{0CF74FF5-CA0C-4A6F-A806-8AC585BF1CE0}.Release|Any CPU.Build.0 = Release|Any CPU
		{01626B9F-2A03-4246-8CCE-57A39A31B83E}.Debug|Any CPU.ActiveCfg = Debug|Any CPU
		{01626B9F-2A03-4246-8CCE-57A39A31B83E}.Debug|Any CPU.Build.0 = Debug|Any CPU
		{01626B9F-2A03-4246-8CCE-57A39A31B83E}.Release|Any CPU.ActiveCfg = Release|Any CPU
		{01626B9F-2A03-4246-8CCE-57A39A31B83E}.Release|Any CPU.Build.0 = Release|Any CPU
		{BFCF32EA-84C5-4E9C-A09D-C486A5EFF576}.Debug|Any CPU.ActiveCfg = Debug|Any CPU
		{BFCF32EA-84C5-4E9C-A09D-C486A5EFF576}.Debug|Any CPU.Build.0 = Debug|Any CPU
		{BFCF32EA-84C5-4E9C-A09D-C486A5EFF576}.Release|Any CPU.ActiveCfg = Release|Any CPU
		{BFCF32EA-84C5-4E9C-A09D-C486A5EFF576}.Release|Any CPU.Build.0 = Release|Any CPU
	EndGlobalSection
	GlobalSection(SolutionProperties) = preSolution
		HideSolutionNode = FALSE
	EndGlobalSection
	GlobalSection(ExtensibilityGlobals) = postSolution
		SolutionGuid = {43619C04-184D-4A3F-9801-9AE123029F30}
	EndGlobalSection
EndGlobal
