
Microsoft Visual Studio Solution File, Format Version 12.00
# Visual Studio 15
VisualStudioVersion = 15.0.27428.2005
MinimumVisualStudioVersion = 10.0.40219.1
Project("{FAE04EC0-301F-11D3-BF4B-00C04F79EFBC}") = "Сортировка", "Сортировка\Сортировка.csproj", "{9433C205-FB23-4EF9-A69B-7A469E168F6D}"
EndProject
Global
	GlobalSection(SolutionConfigurationPlatforms) = preSolution
		Debug|Any CPU = Debug|Any CPU
		Release|Any CPU = Release|Any CPU
	EndGlobalSection
	GlobalSection(ProjectConfigurationPlatforms) = postSolution
		{9433C205-FB23-4EF9-A69B-7A469E168F6D}.Debug|Any CPU.ActiveCfg = Debug|Any CPU
		{9433C205-FB23-4EF9-A69B-7A469E168F6D}.Debug|Any CPU.Build.0 = Debug|Any CPU
		{9433C205-FB23-4EF9-A69B-7A469E168F6D}.Release|Any CPU.ActiveCfg = Release|Any CPU
		{9433C205-FB23-4EF9-A69B-7A469E168F6D}.Release|Any CPU.Build.0 = Release|Any CPU
	EndGlobalSection
	GlobalSection(SolutionProperties) = preSolution
		HideSolutionNode = FALSE
	EndGlobalSection
	GlobalSection(ExtensibilityGlobals) = postSolution
		SolutionGuid = {03B4C4F0-9106-4A8F-9385-19B255365366}
	EndGlobalSection
EndGlobal
